// !$*UTF8*$!
{
	archiveVersion = 1;
	classes = {
	};
	objectVersion = 50;
	objects = {

/* Begin PBXBuildFile section */
		3DE13A1B253BA6D80024916D /* AppDelegate.swift in Sources */ = {isa = PBXBuildFile; fileRef = 3DE13A1A253BA6D80024916D /* AppDelegate.swift */; };
		3DE13A1D253BA6D80024916D /* SceneDelegate.swift in Sources */ = {isa = PBXBuildFile; fileRef = 3DE13A1C253BA6D80024916D /* SceneDelegate.swift */; };
		3DE13A1F253BA6D80024916D /* ViewController.swift in Sources */ = {isa = PBXBuildFile; fileRef = 3DE13A1E253BA6D80024916D /* ViewController.swift */; };
		3DE13A22253BA6D80024916D /* Main.storyboard in Resources */ = {isa = PBXBuildFile; fileRef = 3DE13A20253BA6D80024916D /* Main.storyboard */; };
		3DE13A24253BA6DF0024916D /* Assets.xcassets in Resources */ = {isa = PBXBuildFile; fileRef = 3DE13A23253BA6DF0024916D /* Assets.xcassets */; };
		3DE13A27253BA6DF0024916D /* LaunchScreen.storyboard in Resources */ = {isa = PBXBuildFile; fileRef = 3DE13A25253BA6DF0024916D /* LaunchScreen.storyboard */; };
		3DE13A32253BA6DF0024916D /* parcial2DeniTests.swift in Sources */ = {isa = PBXBuildFile; fileRef = 3DE13A31253BA6DF0024916D /* parcial2DeniTests.swift */; };
		3DE13A3D253BA6DF0024916D /* parcial2DeniUITests.swift in Sources */ = {isa = PBXBuildFile; fileRef = 3DE13A3C253BA6DF0024916D /* parcial2DeniUITests.swift */; };
/* End PBXBuildFile section */

/* Begin PBXContainerItemProxy section */
		3DE13A2E253BA6DF0024916D /* PBXContainerItemProxy */ = {
			isa = PBXContainerItemProxy;
			containerPortal = 3DE13A0F253BA6D80024916D /* Project object */;
			proxyType = 1;
			remoteGlobalIDString = 3DE13A16253BA6D80024916D;
			remoteInfo = parcial2Deni;
		};
		3DE13A39253BA6DF0024916D /* PBXContainerItemProxy */ = {
			isa = PBXContainerItemProxy;
			containerPortal = 3DE13A0F253BA6D80024916D /* Project object */;
			proxyType = 1;
			remoteGlobalIDString = 3DE13A16253BA6D80024916D;
			remoteInfo = parcial2Deni;
		};
/* End PBXContainerItemProxy section */

/* Begin PBXFileReference section */
		3DE13A17253BA6D80024916D /* parcial2Deni.app */ = {isa = PBXFileReference; explicitFileType = wrapper.application; includeInIndex = 0; path = parcial2Deni.app; sourceTree = BUILT_PRODUCTS_DIR; };
		3DE13A1A253BA6D80024916D /* AppDelegate.swift */ = {isa = PBXFileReference; lastKnownFileType = sourcecode.swift; path = AppDelegate.swift; sourceTree = "<group>"; };
		3DE13A1C253BA6D80024916D /* SceneDelegate.swift */ = {isa = PBXFileReference; lastKnownFileType = sourcecode.swift; path = SceneDelegate.swift; sourceTree = "<group>"; };
		3DE13A1E253BA6D80024916D /* ViewController.swift */ = {isa = PBXFileReference; lastKnownFileType = sourcecode.swift; path = ViewController.swift; sourceTree = "<group>"; };
		3DE13A21253BA6D80024916D /* Base */ = {isa = PBXFileReference; lastKnownFileType = file.storyboard; name = Base; path = Base.lproj/Main.storyboard; sourceTree = "<group>"; };
		3DE13A23253BA6DF0024916D /* Assets.xcassets */ = {isa = PBXFileReference; lastKnownFileType = folder.assetcatalog; path = Assets.xcassets; sourceTree = "<group>"; };
		3DE13A26253BA6DF0024916D /* Base */ = {isa = PBXFileReference; lastKnownFileType = file.storyboard; name = Base; path = Base.lproj/LaunchScreen.storyboard; sourceTree = "<group>"; };
		3DE13A28253BA6DF0024916D /* Info.plist */ = {isa = PBXFileReference; lastKnownFileType = text.plist.xml; path = Info.plist; sourceTree = "<group>"; };
		3DE13A2D253BA6DF0024916D /* parcial2DeniTests.xctest */ = {isa = PBXFileReference; explicitFileType = wrapper.cfbundle; includeInIndex = 0; path = parcial2DeniTests.xctest; sourceTree = BUILT_PRODUCTS_DIR; };
		3DE13A31253BA6DF0024916D /* parcial2DeniTests.swift */ = {isa = PBXFileReference; lastKnownFileType = sourcecode.swift; path = parcial2DeniTests.swift; sourceTree = "<group>"; };
		3DE13A33253BA6DF0024916D /* Info.plist */ = {isa = PBXFileReference; lastKnownFileType = text.plist.xml; path = Info.plist; sourceTree = "<group>"; };
		3DE13A38253BA6DF0024916D /* parcial2DeniUITests.xctest */ = {isa = PBXFileReference; explicitFileType = wrapper.cfbundle; includeInIndex = 0; path = parcial2DeniUITests.xctest; sourceTree = BUILT_PRODUCTS_DIR; };
		3DE13A3C253BA6DF0024916D /* parcial2DeniUITests.swift */ = {isa = PBXFileReference; lastKnownFileType = sourcecode.swift; path = parcial2DeniUITests.swift; sourceTree = "<group>"; };
		3DE13A3E253BA6DF0024916D /* Info.plist */ = {isa = PBXFileReference; lastKnownFileType = text.plist.xml; path = Info.plist; sourceTree = "<group>"; };
/* End PBXFileReference section */

/* Begin PBXFrameworksBuildPhase section */
		3DE13A14253BA6D80024916D /* Frameworks */ = {
			isa = PBXFrameworksBuildPhase;
			buildActionMask = 2147483647;
			files = (
			);
			runOnlyForDeploymentPostprocessing = 0;
		};
		3DE13A2A253BA6DF0024916D /* Frameworks */ = {
			isa = PBXFrameworksBuildPhase;
			buildActionMask = 2147483647;
			files = (
			);
			runOnlyForDeploymentPostprocessing = 0;
		};
		3DE13A35253BA6DF0024916D /* Frameworks */ = {
			isa = PBXFrameworksBuildPhase;
			buildActionMask = 2147483647;
			files = (
			);
			runOnlyForDeploymentPostprocessing = 0;
		};
/* End PBXFrameworksBuildPhase section */

/* Begin PBXGroup section */
		3DE13A0E253BA6D80024916D = {
			isa = PBXGroup;
			children = (
				3DE13A19253BA6D80024916D /* parcial2Deni */,
				3DE13A30253BA6DF0024916D /* parcial2DeniTests */,
				3DE13A3B253BA6DF0024916D /* parcial2DeniUITests */,
				3DE13A18253BA6D80024916D /* Products */,
			);
			sourceTree = "<group>";
		};
		3DE13A18253BA6D80024916D /* Products */ = {
			isa = PBXGroup;
			children = (
				3DE13A17253BA6D80024916D /* parcial2Deni.app */,
				3DE13A2D253BA6DF0024916D /* parcial2DeniTests.xctest */,
				3DE13A38253BA6DF0024916D /* parcial2DeniUITests.xctest */,
			);
			name = Products;
			sourceTree = "<group>";
		};
		3DE13A19253BA6D80024916D /* parcial2Deni */ = {
			isa = PBXGroup;
			children = (
				3DE13A1A253BA6D80024916D /* AppDelegate.swift */,
				3DE13A1C253BA6D80024916D /* SceneDelegate.swift */,
				3DE13A1E253BA6D80024916D /* ViewController.swift */,
				3DE13A20253BA6D80024916D /* Main.storyboard */,
				3DE13A23253BA6DF0024916D /* Assets.xcassets */,
				3DE13A25253BA6DF0024916D /* LaunchScreen.storyboard */,
				3DE13A28253BA6DF0024916D /* Info.plist */,
			);
			path = parcial2Deni;
			sourceTree = "<group>";
		};
		3DE13A30253BA6DF0024916D /* parcial2DeniTests */ = {
			isa = PBXGroup;
			children = (
				3DE13A31253BA6DF0024916D /* parcial2DeniTests.swift */,
				3DE13A33253BA6DF0024916D /* Info.plist */,
			);
			path = parcial2DeniTests;
			sourceTree = "<group>";
		};
		3DE13A3B253BA6DF0024916D /* parcial2DeniUITests */ = {
			isa = PBXGroup;
			children = (
				3DE13A3C253BA6DF0024916D /* parcial2DeniUITests.swift */,
				3DE13A3E253BA6DF0024916D /* Info.plist */,
			);
			path = parcial2DeniUITests;
			sourceTree = "<group>";
		};
/* End PBXGroup section */

/* Begin PBXNativeTarget section */
		3DE13A16253BA6D80024916D /* parcial2Deni */ = {
			isa = PBXNativeTarget;
			buildConfigurationList = 3DE13A41253BA6DF0024916D /* Build configuration list for PBXNativeTarget "parcial2Deni" */;
			buildPhases = (
				3DE13A13253BA6D80024916D /* Sources */,
				3DE13A14253BA6D80024916D /* Frameworks */,
				3DE13A15253BA6D80024916D /* Resources */,
			);
			buildRules = (
			);
			dependencies = (
			);
			name = parcial2Deni;
			productName = parcial2Deni;
			productReference = 3DE13A17253BA6D80024916D /* parcial2Deni.app */;
			productType = "com.apple.product-type.application";
		};
		3DE13A2C253BA6DF0024916D /* parcial2DeniTests */ = {
			isa = PBXNativeTarget;
			buildConfigurationList = 3DE13A44253BA6DF0024916D /* Build configuration list for PBXNativeTarget "parcial2DeniTests" */;
			buildPhases = (
				3DE13A29253BA6DF0024916D /* Sources */,
				3DE13A2A253BA6DF0024916D /* Frameworks */,
				3DE13A2B253BA6DF0024916D /* Resources */,
			);
			buildRules = (
			);
			dependencies = (
				3DE13A2F253BA6DF0024916D /* PBXTargetDependency */,
			);
			name = parcial2DeniTests;
			productName = parcial2DeniTests;
			productReference = 3DE13A2D253BA6DF0024916D /* parcial2DeniTests.xctest */;
			productType = "com.apple.product-type.bundle.unit-test";
		};
		3DE13A37253BA6DF0024916D /* parcial2DeniUITests */ = {
			isa = PBXNativeTarget;
			buildConfigurationList = 3DE13A47253BA6DF0024916D /* Build configuration list for PBXNativeTarget "parcial2DeniUITests" */;
			buildPhases = (
				3DE13A34253BA6DF0024916D /* Sources */,
				3DE13A35253BA6DF0024916D /* Frameworks */,
				3DE13A36253BA6DF0024916D /* Resources */,
			);
			buildRules = (
			);
			dependencies = (
				3DE13A3A253BA6DF0024916D /* PBXTargetDependency */,
			);
			name = parcial2DeniUITests;
			productName = parcial2DeniUITests;
			productReference = 3DE13A38253BA6DF0024916D /* parcial2DeniUITests.xctest */;
			productType = "com.apple.product-type.bundle.ui-testing";
		};
/* End PBXNativeTarget section */

/* Begin PBXProject section */
		3DE13A0F253BA6D80024916D /* Project object */ = {
			isa = PBXProject;
			attributes = {
				LastSwiftUpdateCheck = 1130;
				LastUpgradeCheck = 1130;
				ORGANIZATIONNAME = Alumno;
				TargetAttributes = {
					3DE13A16253BA6D80024916D = {
						CreatedOnToolsVersion = 11.3.1;
					};
					3DE13A2C253BA6DF0024916D = {
						CreatedOnToolsVersion = 11.3.1;
						TestTargetID = 3DE13A16253BA6D80024916D;
					};
					3DE13A37253BA6DF0024916D = {
						CreatedOnToolsVersion = 11.3.1;
						TestTargetID = 3DE13A16253BA6D80024916D;
					};
				};
			};
			buildConfigurationList = 3DE13A12253BA6D80024916D /* Build configuration list for PBXProject "parcial2Deni" */;
			compatibilityVersion = "Xcode 9.3";
			developmentRegion = en;
			hasScannedForEncodings = 0;
			knownRegions = (
				en,
				Base,
			);
			mainGroup = 3DE13A0E253BA6D80024916D;
			productRefGroup = 3DE13A18253BA6D80024916D /* Products */;
			projectDirPath = "";
			projectRoot = "";
			targets = (
				3DE13A16253BA6D80024916D /* parcial2Deni */,
				3DE13A2C253BA6DF0024916D /* parcial2DeniTests */,
				3DE13A37253BA6DF0024916D /* parcial2DeniUITests */,
			);
		};
/* End PBXProject section */

/* Begin PBXResourcesBuildPhase section */
		3DE13A15253BA6D80024916D /* Resources */ = {
			isa = PBXResourcesBuildPhase;
			buildActionMask = 2147483647;
			files = (
				3DE13A27253BA6DF0024916D /* LaunchScreen.storyboard in Resources */,
				3DE13A24253BA6DF0024916D /* Assets.xcassets in Resources */,
				3DE13A22253BA6D80024916D /* Main.storyboard in Resources */,
			);
			runOnlyForDeploymentPostprocessing = 0;
		};
		3DE13A2B253BA6DF0024916D /* Resources */ = {
			isa = PBXResourcesBuildPhase;
			buildActionMask = 2147483647;
			files = (
			);
			runOnlyForDeploymentPostprocessing = 0;
		};
		3DE13A36253BA6DF0024916D /* Resources */ = {
			isa = PBXResourcesBuildPhase;
			buildActionMask = 2147483647;
			files = (
			);
			runOnlyForDeploymentPostprocessing = 0;
		};
/* End PBXResourcesBuildPhase section */

/* Begin PBXSourcesBuildPhase section */
		3DE13A13253BA6D80024916D /* Sources */ = {
			isa = PBXSourcesBuildPhase;
			buildActionMask = 2147483647;
			files = (
				3DE13A1F253BA6D80024916D /* ViewController.swift in Sources */,
				3DE13A1B253BA6D80024916D /* AppDelegate.swift in Sources */,
				3DE13A1D253BA6D80024916D /* SceneDelegate.swift in Sources */,
			);
			runOnlyForDeploymentPostprocessing = 0;
		};
		3DE13A29253BA6DF0024916D /* Sources */ = {
			isa = PBXSourcesBuildPhase;
			buildActionMask = 2147483647;
			files = (
				3DE13A32253BA6DF0024916D /* parcial2DeniTests.swift in Sources */,
			);
			runOnlyForDeploymentPostprocessing = 0;
		};
		3DE13A34253BA6DF0024916D /* Sources */ = {
			isa = PBXSourcesBuildPhase;
			buildActionMask = 2147483647;
			files = (
				3DE13A3D253BA6DF0024916D /* parcial2DeniUITests.swift in Sources */,
			);
			runOnlyForDeploymentPostprocessing = 0;
		};
/* End PBXSourcesBuildPhase section */

/* Begin PBXTargetDependency section */
		3DE13A2F253BA6DF0024916D /* PBXTargetDependency */ = {
			isa = PBXTargetDependency;
			target = 3DE13A16253BA6D80024916D /* parcial2Deni */;
			targetProxy = 3DE13A2E253BA6DF0024916D /* PBXContainerItemProxy */;
		};
		3DE13A3A253BA6DF0024916D /* PBXTargetDependency */ = {
			isa = PBXTargetDependency;
			target = 3DE13A16253BA6D80024916D /* parcial2Deni */;
			targetProxy = 3DE13A39253BA6DF0024916D /* PBXContainerItemProxy */;
		};
/* End PBXTargetDependency section */

/* Begin PBXVariantGroup section */
		3DE13A20253BA6D80024916D /* Main.storyboard */ = {
			isa = PBXVariantGroup;
			children = (
				3DE13A21253BA6D80024916D /* Base */,
			);
			name = Main.storyboard;
			sourceTree = "<group>";
		};
		3DE13A25253BA6DF0024916D /* LaunchScreen.storyboard */ = {
			isa = PBXVariantGroup;
			children = (
				3DE13A26253BA6DF0024916D /* Base */,
			);
			name = LaunchScreen.storyboard;
			sourceTree = "<group>";
		};
/* End PBXVariantGroup section */

/* Begin XCBuildConfiguration section */
		3DE13A3F253BA6DF0024916D /* Debug */ = {
			isa = XCBuildConfiguration;
			buildSettings = {
				ALWAYS_SEARCH_USER_PATHS = NO;
				CLANG_ANALYZER_NONNULL = YES;
				CLANG_ANALYZER_NUMBER_OBJECT_CONVERSION = YES_AGGRESSIVE;
				CLANG_CXX_LANGUAGE_STANDARD = "gnu++14";
				CLANG_CXX_LIBRARY = "libc++";
				CLANG_ENABLE_MODULES = YES;
				CLANG_ENABLE_OBJC_ARC = YES;
				CLANG_ENABLE_OBJC_WEAK = YES;
				CLANG_WARN_BLOCK_CAPTURE_AUTORELEASING = YES;
				CLANG_WARN_BOOL_CONVERSION = YES;
				CLANG_WARN_COMMA = YES;
				CLANG_WARN_CONSTANT_CONVERSION = YES;
				CLANG_WARN_DEPRECATED_OBJC_IMPLEMENTATIONS = YES;
				CLANG_WARN_DIRECT_OBJC_ISA_USAGE = YES_ERROR;
				CLANG_WARN_DOCUMENTATION_COMMENTS = YES;
				CLANG_WARN_EMPTY_BODY = YES;
				CLANG_WARN_ENUM_CONVERSION = YES;
				CLANG_WARN_INFINITE_RECURSION = YES;
				CLANG_WARN_INT_CONVERSION = YES;
				CLANG_WARN_NON_LITERAL_NULL_CONVERSION = YES;
				CLANG_WARN_OBJC_IMPLICIT_RETAIN_SELF = YES;
				CLANG_WARN_OBJC_LITERAL_CONVERSION = YES;
				CLANG_WARN_OBJC_ROOT_CLASS = YES_ERROR;
				CLANG_WARN_RANGE_LOOP_ANALYSIS = YES;
				CLANG_WARN_STRICT_PROTOTYPES = YES;
				CLANG_WARN_SUSPICIOUS_MOVE = YES;
				CLANG_WARN_UNGUARDED_AVAILABILITY = YES_AGGRESSIVE;
				CLANG_WARN_UNREACHABLE_CODE = YES;
				CLANG_WARN__DUPLICATE_METHOD_MATCH = YES;
				COPY_PHASE_STRIP = NO;
				DEBUG_INFORMATION_FORMAT = dwarf;
				ENABLE_STRICT_OBJC_MSGSEND = YES;
				ENABLE_TESTABILITY = YES;
				GCC_C_LANGUAGE_STANDARD = gnu11;
				GCC_DYNAMIC_NO_PIC = NO;
				GCC_NO_COMMON_BLOCKS = YES;
				GCC_OPTIMIZATION_LEVEL = 0;
				GCC_PREPROCESSOR_DEFINITIONS = (
					"DEBUG=1",
					"$(inherited)",
				);
				GCC_WARN_64_TO_32_BIT_CONVERSION = YES;
				GCC_WARN_ABOUT_RETURN_TYPE = YES_ERROR;
				GCC_WARN_UNDECLARED_SELECTOR = YES;
				GCC_WARN_UNINITIALIZED_AUTOS = YES_AGGRESSIVE;
				GCC_WARN_UNUSED_FUNCTION = YES;
				GCC_WARN_UNUSED_VARIABLE = YES;
				IPHONEOS_DEPLOYMENT_TARGET = 13.2;
				MTL_ENABLE_DEBUG_INFO = INCLUDE_SOURCE;
				MTL_FAST_MATH = YES;
				ONLY_ACTIVE_ARCH = YES;
				SDKROOT = iphoneos;
				SWIFT_ACTIVE_COMPILATION_CONDITIONS = DEBUG;
				SWIFT_OPTIMIZATION_LEVEL = "-Onone";
			};
			name = Debug;
		};
		3DE13A40253BA6DF0024916D /* Release */ = {
			isa = XCBuildConfiguration;
			buildSettings = {
				ALWAYS_SEARCH_USER_PATHS = NO;
				CLANG_ANALYZER_NONNULL = YES;
				CLANG_ANALYZER_NUMBER_OBJECT_CONVERSION = YES_AGGRESSIVE;
				CLANG_CXX_LANGUAGE_STANDARD = "gnu++14";
				CLANG_CXX_LIBRARY = "libc++";
				CLANG_ENABLE_MODULES = YES;
				CLANG_ENABLE_OBJC_ARC = YES;
				CLANG_ENABLE_OBJC_WEAK = YES;
				CLANG_WARN_BLOCK_CAPTURE_AUTORELEASING = YES;
				CLANG_WARN_BOOL_CONVERSION = YES;
				CLANG_WARN_COMMA = YES;
				CLANG_WARN_CONSTANT_CONVERSION = YES;
				CLANG_WARN_DEPRECATED_OBJC_IMPLEMENTATIONS = YES;
				CLANG_WARN_DIRECT_OBJC_ISA_USAGE = YES_ERROR;
				CLANG_WARN_DOCUMENTATION_COMMENTS = YES;
				CLANG_WARN_EMPTY_BODY = YES;
				CLANG_WARN_ENUM_CONVERSION = YES;
				CLANG_WARN_INFINITE_RECURSION = YES;
				CLANG_WARN_INT_CONVERSION = YES;
				CLANG_WARN_NON_LITERAL_NULL_CONVERSION = YES;
				CLANG_WARN_OBJC_IMPLICIT_RETAIN_SELF = YES;
				CLANG_WARN_OBJC_LITERAL_CONVERSION = YES;
				CLANG_WARN_OBJC_ROOT_CLASS = YES_ERROR;
				CLANG_WARN_RANGE_LOOP_ANALYSIS = YES;
				CLANG_WARN_STRICT_PROTOTYPES = YES;
				CLANG_WARN_SUSPICIOUS_MOVE = YES;
				CLANG_WARN_UNGUARDED_AVAILABILITY = YES_AGGRESSIVE;
				CLANG_WARN_UNREACHABLE_CODE = YES;
				CLANG_WARN__DUPLICATE_METHOD_MATCH = YES;
				COPY_PHASE_STRIP = NO;
				DEBUG_INFORMATION_FORMAT = "dwarf-with-dsym";
				ENABLE_NS_ASSERTIONS = NO;
				ENABLE_STRICT_OBJC_MSGSEND = YES;
				GCC_C_LANGUAGE_STANDARD = gnu11;
				GCC_NO_COMMON_BLOCKS = YES;
				GCC_WARN_64_TO_32_BIT_CONVERSION = YES;
				GCC_WARN_ABOUT_RETURN_TYPE = YES_ERROR;
				GCC_WARN_UNDECLARED_SELECTOR = YES;
				GCC_WARN_UNINITIALIZED_AUTOS = YES_AGGRESSIVE;
				GCC_WARN_UNUSED_FUNCTION = YES;
				GCC_WARN_UNUSED_VARIABLE = YES;
				IPHONEOS_DEPLOYMENT_TARGET = 13.2;
				MTL_ENABLE_DEBUG_INFO = NO;
				MTL_FAST_MATH = YES;
				SDKROOT = iphoneos;
				SWIFT_COMPILATION_MODE = wholemodule;
				SWIFT_OPTIMIZATION_LEVEL = "-O";
				VALIDATE_PRODUCT = YES;
			};
			name = Release;
		};
		3DE13A42253BA6DF0024916D /* Debug */ = {
			isa = XCBuildConfiguration;
			buildSettings = {
				ASSETCATALOG_COMPILER_APPICON_NAME = AppIcon;
				CODE_SIGN_STYLE = Automatic;
				INFOPLIST_FILE = parcial2Deni/Info.plist;
				LD_RUNPATH_SEARCH_PATHS = (
					"$(inherited)",
					"@executable_path/Frameworks",
				);
				PRODUCT_BUNDLE_IDENTIFIER = edu.ulsa.parcial2Deni;
				PRODUCT_NAME = "$(TARGET_NAME)";
				SWIFT_VERSION = 5.0;
				TARGETED_DEVICE_FAMILY = "1,2";
			};
			name = Debug;
		};
		3DE13A43253BA6DF0024916D /* Release */ = {
			isa = XCBuildConfiguration;
			buildSettings = {
				ASSETCATALOG_COMPILER_APPICON_NAME = AppIcon;
				CODE_SIGN_STYLE = Automatic;
				INFOPLIST_FILE = parcial2Deni/Info.plist;
				LD_RUNPATH_SEARCH_PATHS = (
					"$(inherited)",
					"@executable_path/Frameworks",
				);
				PRODUCT_BUNDLE_IDENTIFIER = edu.ulsa.parcial2Deni;
				PRODUCT_NAME = "$(TARGET_NAME)";
				SWIFT_VERSION = 5.0;
				TARGETED_DEVICE_FAMILY = "1,2";
			};
			name = Release;
		};
		3DE13A45253BA6DF0024916D /* Debug */ = {
			isa = XCBuildConfiguration;
			buildSettings = {
				ALWAYS_EMBED_SWIFT_STANDARD_LIBRARIES = YES;
				BUNDLE_LOADER = "$(TEST_HOST)";
				CODE_SIGN_STYLE = Automatic;
				INFOPLIST_FILE = parcial2DeniTests/Info.plist;
				IPHONEOS_DEPLOYMENT_TARGET = 13.2;
				LD_RUNPATH_SEARCH_PATHS = (
					"$(inherited)",
					"@executable_path/Frameworks",
					"@loader_path/Frameworks",
				);
				PRODUCT_BUNDLE_IDENTIFIER = edu.ulsa.parcial2DeniTests;
				PRODUCT_NAME = "$(TARGET_NAME)";
				SWIFT_VERSION = 5.0;
				TARGETED_DEVICE_FAMILY = "1,2";
				TEST_HOST = "$(BUILT_PRODUCTS_DIR)/parcial2Deni.app/parcial2Deni";
			};
			name = Debug;
		};
		3DE13A46253BA6DF0024916D /* Release */ = {
			isa = XCBuildConfiguration;
			buildSettings = {
				ALWAYS_EMBED_SWIFT_STANDARD_LIBRARIES = YES;
				BUNDLE_LOADER = "$(TEST_HOST)";
				CODE_SIGN_STYLE = Automatic;
				INFOPLIST_FILE = parcial2DeniTests/Info.plist;
				IPHONEOS_DEPLOYMENT_TARGET = 13.2;
				LD_RUNPATH_SEARCH_PATHS = (
					"$(inherited)",
					"@executable_path/Frameworks",
					"@loader_path/Frameworks",
				);
				PRODUCT_BUNDLE_IDENTIFIER = edu.ulsa.parcial2DeniTests;
				PRODUCT_NAME = "$(TARGET_NAME)";
				SWIFT_VERSION = 5.0;
				TARGETED_DEVICE_FAMILY = "1,2";
				TEST_HOST = "$(BUILT_PRODUCTS_DIR)/parcial2Deni.app/parcial2Deni";
			};
			name = Release;
		};
		3DE13A48253BA6DF0024916D /* Debug */ = {
			isa = XCBuildConfiguration;
			buildSettings = {
				ALWAYS_EMBED_SWIFT_STANDARD_LIBRARIES = YES;
				CODE_SIGN_STYLE = Automatic;
				INFOPLIST_FILE = parcial2DeniUITests/Info.plist;
				LD_RUNPATH_SEARCH_PATHS = (
					"$(inherited)",
					"@executable_path/Frameworks",
					"@loader_path/Frameworks",
				);
				PRODUCT_BUNDLE_IDENTIFIER = edu.ulsa.parcial2DeniUITests;
				PRODUCT_NAME = "$(TARGET_NAME)";
				SWIFT_VERSION = 5.0;
				TARGETED_DEVICE_FAMILY = "1,2";
				TEST_TARGET_NAME = parcial2Deni;
			};
			name = Debug;
		};
		3DE13A49253BA6DF0024916D /* Release */ = {
			isa = XCBuildConfiguration;
			buildSettings = {
				ALWAYS_EMBED_SWIFT_STANDARD_LIBRARIES = YES;
				CODE_SIGN_STYLE = Automatic;
				INFOPLIST_FILE = parcial2DeniUITests/Info.plist;
				LD_RUNPATH_SEARCH_PATHS = (
					"$(inherited)",
					"@executable_path/Frameworks",
					"@loader_path/Frameworks",
				);
				PRODUCT_BUNDLE_IDENTIFIER = edu.ulsa.parcial2DeniUITests;
				PRODUCT_NAME = "$(TARGET_NAME)";
				SWIFT_VERSION = 5.0;
				TARGETED_DEVICE_FAMILY = "1,2";
				TEST_TARGET_NAME = parcial2Deni;
			};
			name = Release;
		};
/* End XCBuildConfiguration section */

/* Begin XCConfigurationList section */
		3DE13A12253BA6D80024916D /* Build configuration list for PBXProject "parcial2Deni" */ = {
			isa = XCConfigurationList;
			buildConfigurations = (
				3DE13A3F253BA6DF0024916D /* Debug */,
				3DE13A40253BA6DF0024916D /* Release */,
			);
			defaultConfigurationIsVisible = 0;
			defaultConfigurationName = Release;
		};
		3DE13A41253BA6DF0024916D /* Build configuration list for PBXNativeTarget "parcial2Deni" */ = {
			isa = XCConfigurationList;
			buildConfigurations = (
				3DE13A42253BA6DF0024916D /* Debug */,
				3DE13A43253BA6DF0024916D /* Release */,
			);
			defaultConfigurationIsVisible = 0;
			defaultConfigurationName = Release;
		};
		3DE13A44253BA6DF0024916D /* Build configuration list for PBXNativeTarget "parcial2DeniTests" */ = {
			isa = XCConfigurationList;
			buildConfigurations = (
				3DE13A45253BA6DF0024916D /* Debug */,
				3DE13A46253BA6DF0024916D /* Release */,
			);
			defaultConfigurationIsVisible = 0;
			defaultConfigurationName = Release;
		};
		3DE13A47253BA6DF0024916D /* Build configuration list for PBXNativeTarget "parcial2DeniUITests" */ = {
			isa = XCConfigurationList;
			buildConfigurations = (
				3DE13A48253BA6DF0024916D /* Debug */,
				3DE13A49253BA6DF0024916D /* Release */,
			);
			defaultConfigurationIsVisible = 0;
			defaultConfigurationName = Release;
		};
/* End XCConfigurationList section */
	};
	rootObject = 3DE13A0F253BA6D80024916D /* Project object */;
}
